<?xml version="1.0" encoding="utf-8"?>
<Project ToolsVersion="4.0" xmlns="http://schemas.microsoft.com/developer/msbuild/2003">
  <ItemGroup>
    <Filter Include="Source Files">
      <UniqueIdentifier>{d6e0aca7-6960-46ed-9e7a-1521721616da}</UniqueIdentifier>
      <Extensions>cpp;c;cxx;rc;def;r;odl;idl;hpj;bat</Extensions>
    </Filter>
    <Filter Include="Source Files\LZH">
      <UniqueIdentifier>{c963f49e-7f12-4d9a-bbe4-a4dbfeb4867c}</UniqueIdentifier>
    </Filter>
    <Filter Include="Header Files">
      <UniqueIdentifier>{bd05cd91-90e9-4bae-97ad-f10cf0a9b802}</UniqueIdentifier>
      <Extensions>h;hpp;hxx;hm;inl</Extensions>
    </Filter>
  </ItemGroup>
  <ItemGroup>
    <ClCompile Include="digidrum.cpp">
      <Filter>Source Files</Filter>
    </ClCompile>
    <ClCompile Include="Ym2149Ex.cpp">
      <Filter>Source Files</Filter>
    </ClCompile>
    <ClCompile Include="Ymload.cpp">
      <Filter>Source Files</Filter>
    </ClCompile>
    <ClCompile Include="YmMusic.cpp">
      <Filter>Source Files</Filter>
    </ClCompile>
    <ClCompile Include="YmUserInterface.cpp">
      <Filter>Source Files</Filter>
    </ClCompile>
    <ClCompile Include="LZH\LzhLib.cpp">
      <Filter>Source Files\LZH</Filter>
    </ClCompile>
  </ItemGroup>
  <ItemGroup>
    <ClInclude Include="LZH\LZH.H">
      <Filter>Source Files\LZH</Filter>
    </ClInclude>
    <ClInclude Include="digidrum.h">
      <Filter>Header Files</Filter>
    </ClInclude>
    <ClInclude Include="StSoundLibrary.h">
      <Filter>Header Files</Filter>
    </ClInclude>
    <ClInclude Include="Ym2149Ex.h">
      <Filter>Header Files</Filter>
    </ClInclude>
    <ClInclude Include="Ymload.h">
      <Filter>Header Files</Filter>
    </ClInclude>
    <ClInclude Include="YmMusic.h">
      <Filter>Header Files</Filter>
    </ClInclude>
    <ClInclude Include="YmTypes.h">
      <Filter>Header Files</Filter>
    </ClInclude>
  </ItemGroup>
</Project>